// !$*UTF8*$!
{
	archiveVersion = 1;
	classes = {
	};
	objectVersion = 46;
	objects = {

/* Begin PBXBuildFile section */
		6A06B0C91B1F360C00E8BACE /* Foundation.framework in Frameworks */ = {isa = PBXBuildFile; fileRef = 6A06B0C81B1F360C00E8BACE /* Foundation.framework */; };
		6A06B0CC1B1F360C00E8BACE /* main.m in Sources */ = {isa = PBXBuildFile; fileRef = 6A06B0CB1B1F360C00E8BACE /* main.m */; };
		6A06B0D01B1F360C00E8BACE /* helloworld.1 in CopyFiles */ = {isa = PBXBuildFile; fileRef = 6A06B0CF1B1F360C00E8BACE /* helloworld.1 */; };
		6A06B0D81B1F65E400E8BACE /* Circle.m in Sources */ = {isa = PBXBuildFile; fileRef = 6A06B0D71B1F65E400E8BACE /* Circle.m */; };
		6A6F13A41B21632600DE4DAE /* Circle+ellipse.m in Sources */ = {isa = PBXBuildFile; fileRef = 6A6F13A31B21632600DE4DAE /* Circle+ellipse.m */; };
		6AB7264B1B22CBD500B5AD59 /* XYPoint.m in Sources */ = {isa = PBXBuildFile; fileRef = 6AB7264A1B22CBD500B5AD59 /* XYPoint.m */; };
/* End PBXBuildFile section */

/* Begin PBXCopyFilesBuildPhase section */
		6A06B0C31B1F360C00E8BACE /* CopyFiles */ = {
			isa = PBXCopyFilesBuildPhase;
			buildActionMask = 2147483647;
			dstPath = /usr/share/man/man1/;
			dstSubfolderSpec = 0;
			files = (
				6A06B0D01B1F360C00E8BACE /* helloworld.1 in CopyFiles */,
			);
			runOnlyForDeploymentPostprocessing = 1;
		};
/* End PBXCopyFilesBuildPhase section */

/* Begin PBXFileReference section */
		6A016F761B4A244E00098B3C /* README.md */ = {isa = PBXFileReference; fileEncoding = 4; lastKnownFileType = text; path = README.md; sourceTree = "<group>"; };
		6A06B0C51B1F360C00E8BACE /* helloworld */ = {isa = PBXFileReference; explicitFileType = "compiled.mach-o.executable"; includeInIndex = 0; path = helloworld; sourceTree = BUILT_PRODUCTS_DIR; };
		6A06B0C81B1F360C00E8BACE /* Foundation.framework */ = {isa = PBXFileReference; lastKnownFileType = wrapper.framework; name = Foundation.framework; path = System/Library/Frameworks/Foundation.framework; sourceTree = SDKROOT; };
		6A06B0CB1B1F360C00E8BACE /* main.m */ = {isa = PBXFileReference; lastKnownFileType = sourcecode.c.objc; path = main.m; sourceTree = "<group>"; };
		6A06B0CE1B1F360C00E8BACE /* helloworld-Prefix.pch */ = {isa = PBXFileReference; lastKnownFileType = sourcecode.c.h; path = "helloworld-Prefix.pch"; sourceTree = "<group>"; };
		6A06B0CF1B1F360C00E8BACE /* helloworld.1 */ = {isa = PBXFileReference; lastKnownFileType = text.man; path = helloworld.1; sourceTree = "<group>"; };
		6A06B0D61B1F65E400E8BACE /* Circle.h */ = {isa = PBXFileReference; fileEncoding = 4; lastKnownFileType = sourcecode.c.h; path = Circle.h; sourceTree = "<group>"; };
		6A06B0D71B1F65E400E8BACE /* Circle.m */ = {isa = PBXFileReference; fileEncoding = 4; lastKnownFileType = sourcecode.c.objc; path = Circle.m; sourceTree = "<group>"; };
		6A6F13A21B21632600DE4DAE /* Circle+ellipse.h */ = {isa = PBXFileReference; fileEncoding = 4; lastKnownFileType = sourcecode.c.h; path = "Circle+ellipse.h"; sourceTree = "<group>"; };
		6A6F13A31B21632600DE4DAE /* Circle+ellipse.m */ = {isa = PBXFileReference; fileEncoding = 4; lastKnownFileType = sourcecode.c.objc; path = "Circle+ellipse.m"; sourceTree = "<group>"; };
		6AB726491B22CBD500B5AD59 /* XYPoint.h */ = {isa = PBXFileReference; fileEncoding = 4; lastKnownFileType = sourcecode.c.h; path = XYPoint.h; sourceTree = "<group>"; };
		6AB7264A1B22CBD500B5AD59 /* XYPoint.m */ = {isa = PBXFileReference; fileEncoding = 4; lastKnownFileType = sourcecode.c.objc; path = XYPoint.m; sourceTree = "<group>"; };
/* End PBXFileReference section */

/* Begin PBXFrameworksBuildPhase section */
		6A06B0C21B1F360C00E8BACE /* Frameworks */ = {
			isa = PBXFrameworksBuildPhase;
			buildActionMask = 2147483647;
			files = (
				6A06B0C91B1F360C00E8BACE /* Foundation.framework in Frameworks */,
			);
			runOnlyForDeploymentPostprocessing = 0;
		};
/* End PBXFrameworksBuildPhase section */

/* Begin PBXGroup section */
		6A06B0BC1B1F360C00E8BACE = {
			isa = PBXGroup;
			children = (
				6A016F761B4A244E00098B3C /* README.md */,
				6A06B0CA1B1F360C00E8BACE /* helloworld */,
				6A06B0C71B1F360C00E8BACE /* Frameworks */,
				6A06B0C61B1F360C00E8BACE /* Products */,
			);
			sourceTree = "<group>";
		};
		6A06B0C61B1F360C00E8BACE /* Products */ = {
			isa = PBXGroup;
			children = (
				6A06B0C51B1F360C00E8BACE /* helloworld */,
			);
			name = Products;
			sourceTree = "<group>";
		};
		6A06B0C71B1F360C00E8BACE /* Frameworks */ = {
			isa = PBXGroup;
			children = (
				6A06B0C81B1F360C00E8BACE /* Foundation.framework */,
			);
			name = Frameworks;
			sourceTree = "<group>";
		};
		6A06B0CA1B1F360C00E8BACE /* helloworld */ = {
			isa = PBXGroup;
			children = (
				6A06B0CB1B1F360C00E8BACE /* main.m */,
				6A06B0CF1B1F360C00E8BACE /* helloworld.1 */,
				6A06B0CD1B1F360C00E8BACE /* Supporting Files */,
				6A06B0D61B1F65E400E8BACE /* Circle.h */,
				6A06B0D71B1F65E400E8BACE /* Circle.m */,
				6A6F13A21B21632600DE4DAE /* Circle+ellipse.h */,
				6A6F13A31B21632600DE4DAE /* Circle+ellipse.m */,
				6AB726491B22CBD500B5AD59 /* XYPoint.h */,
				6AB7264A1B22CBD500B5AD59 /* XYPoint.m */,
			);
			path = helloworld;
			sourceTree = "<group>";
		};
		6A06B0CD1B1F360C00E8BACE /* Supporting Files */ = {
			isa = PBXGroup;
			children = (
				6A06B0CE1B1F360C00E8BACE /* helloworld-Prefix.pch */,
			);
			name = "Supporting Files";
			sourceTree = "<group>";
		};
/* End PBXGroup section */

/* Begin PBXNativeTarget section */
		6A06B0C41B1F360C00E8BACE /* helloworld */ = {
			isa = PBXNativeTarget;
			buildConfigurationList = 6A06B0D31B1F360C00E8BACE /* Build configuration list for PBXNativeTarget "helloworld" */;
			buildPhases = (
				6A06B0C11B1F360C00E8BACE /* Sources */,
				6A06B0C21B1F360C00E8BACE /* Frameworks */,
				6A06B0C31B1F360C00E8BACE /* CopyFiles */,
			);
			buildRules = (
			);
			dependencies = (
			);
			name = helloworld;
			productName = helloworld;
			productReference = 6A06B0C51B1F360C00E8BACE /* helloworld */;
			productType = "com.apple.product-type.tool";
		};
/* End PBXNativeTarget section */

/* Begin PBXProject section */
		6A06B0BD1B1F360C00E8BACE /* Project object */ = {
			isa = PBXProject;
			attributes = {
				LastUpgradeCheck = 0510;
				ORGANIZATIONNAME = "___FULLUSERNAME___";
			};
			buildConfigurationList = 6A06B0C01B1F360C00E8BACE /* Build configuration list for PBXProject "helloworld" */;
			compatibilityVersion = "Xcode 3.2";
			developmentRegion = English;
			hasScannedForEncodings = 0;
			knownRegions = (
				en,
			);
			mainGroup = 6A06B0BC1B1F360C00E8BACE;
			productRefGroup = 6A06B0C61B1F360C00E8BACE /* Products */;
			projectDirPath = "";
			projectRoot = "";
			targets = (
				6A06B0C41B1F360C00E8BACE /* helloworld */,
			);
		};
/* End PBXProject section */

/* Begin PBXSourcesBuildPhase section */
		6A06B0C11B1F360C00E8BACE /* Sources */ = {
			isa = PBXSourcesBuildPhase;
			buildActionMask = 2147483647;
			files = (
				6A6F13A41B21632600DE4DAE /* Circle+ellipse.m in Sources */,
				6A06B0CC1B1F360C00E8BACE /* main.m in Sources */,
				6A06B0D81B1F65E400E8BACE /* Circle.m in Sources */,
				6AB7264B1B22CBD500B5AD59 /* XYPoint.m in Sources */,
			);
			runOnlyForDeploymentPostprocessing = 0;
		};
/* End PBXSourcesBuildPhase section */

/* Begin XCBuildConfiguration section */
		6A06B0D11B1F360C00E8BACE /* Debug */ = {
			isa = XCBuildConfiguration;
			buildSettings = {
				ALWAYS_SEARCH_USER_PATHS = NO;
				CLANG_CXX_LANGUAGE_STANDARD = "gnu++0x";
				CLANG_CXX_LIBRARY = "libc++";
				CLANG_ENABLE_MODULES = YES;
				CLANG_ENABLE_OBJC_ARC = NO;
				CLANG_WARN_BOOL_CONVERSION = YES;
				CLANG_WARN_CONSTANT_CONVERSION = YES;
				CLANG_WARN_DIRECT_OBJC_ISA_USAGE = YES_ERROR;
				CLANG_WARN_EMPTY_BODY = YES;
				CLANG_WARN_ENUM_CONVERSION = YES;
				CLANG_WARN_INT_CONVERSION = YES;
				CLANG_WARN_OBJC_ROOT_CLASS = YES_ERROR;
				CLANG_WARN__DUPLICATE_METHOD_MATCH = YES;
				COPY_PHASE_STRIP = NO;
				GCC_C_LANGUAGE_STANDARD = gnu99;
				GCC_DYNAMIC_NO_PIC = NO;
				GCC_ENABLE_OBJC_EXCEPTIONS = YES;
				GCC_OPTIMIZATION_LEVEL = 0;
				GCC_PREPROCESSOR_DEFINITIONS = (
					"DEBUG=1",
					"$(inherited)",
				);
				GCC_SYMBOLS_PRIVATE_EXTERN = NO;
				GCC_WARN_64_TO_32_BIT_CONVERSION = YES;
				GCC_WARN_ABOUT_RETURN_TYPE = YES_ERROR;
				GCC_WARN_UNDECLARED_SELECTOR = YES;
				GCC_WARN_UNINITIALIZED_AUTOS = YES_AGGRESSIVE;
				GCC_WARN_UNUSED_FUNCTION = YES;
				GCC_WARN_UNUSED_VARIABLE = YES;
				MACOSX_DEPLOYMENT_TARGET = 10.8;
				ONLY_ACTIVE_ARCH = YES;
				SDKROOT = macosx;
			};
			name = Debug;
		};
		6A06B0D21B1F360C00E8BACE /* Release */ = {
			isa = XCBuildConfiguration;
			buildSettings = {
				ALWAYS_SEARCH_USER_PATHS = NO;
				CLANG_CXX_LANGUAGE_STANDARD = "gnu++0x";
				CLANG_CXX_LIBRARY = "libc++";
				CLANG_ENABLE_MODULES = YES;
				CLANG_ENABLE_OBJC_ARC = NO;
				CLANG_WARN_BOOL_CONVERSION = YES;
				CLANG_WARN_CONSTANT_CONVERSION = YES;
				CLANG_WARN_DIRECT_OBJC_ISA_USAGE = YES_ERROR;
				CLANG_WARN_EMPTY_BODY = YES;
				CLANG_WARN_ENUM_CONVERSION = YES;
				CLANG_WARN_INT_CONVERSION = YES;
				CLANG_WARN_OBJC_ROOT_CLASS = YES_ERROR;
				CLANG_WARN__DUPLICATE_METHOD_MATCH = YES;
				COPY_PHASE_STRIP = YES;
				DEBUG_INFORMATION_FORMAT = "dwarf-with-dsym";
				ENABLE_NS_ASSERTIONS = NO;
				GCC_C_LANGUAGE_STANDARD = gnu99;
				GCC_ENABLE_OBJC_EXCEPTIONS = YES;
				GCC_WARN_64_TO_32_BIT_CONVERSION = YES;
				GCC_WARN_ABOUT_RETURN_TYPE = YES_ERROR;
				GCC_WARN_UNDECLARED_SELECTOR = YES;
				GCC_WARN_UNINITIALIZED_AUTOS = YES_AGGRESSIVE;
				GCC_WARN_UNUSED_FUNCTION = YES;
				GCC_WARN_UNUSED_VARIABLE = YES;
				MACOSX_DEPLOYMENT_TARGET = 10.8;
				SDKROOT = macosx;
			};
			name = Release;
		};
		6A06B0D41B1F360C00E8BACE /* Debug */ = {
			isa = XCBuildConfiguration;
			buildSettings = {
				GCC_PRECOMPILE_PREFIX_HEADER = YES;
				GCC_PREFIX_HEADER = "helloworld/helloworld-Prefix.pch";
				PRODUCT_NAME = "$(TARGET_NAME)";
			};
			name = Debug;
		};
		6A06B0D51B1F360C00E8BACE /* Release */ = {
			isa = XCBuildConfiguration;
			buildSettings = {
				GCC_PRECOMPILE_PREFIX_HEADER = YES;
				GCC_PREFIX_HEADER = "helloworld/helloworld-Prefix.pch";
				PRODUCT_NAME = "$(TARGET_NAME)";
			};
			name = Release;
		};
/* End XCBuildConfiguration section */

/* Begin XCConfigurationList section */
		6A06B0C01B1F360C00E8BACE /* Build configuration list for PBXProject "helloworld" */ = {
			isa = XCConfigurationList;
			buildConfigurations = (
				6A06B0D11B1F360C00E8BACE /* Debug */,
				6A06B0D21B1F360C00E8BACE /* Release */,
			);
			defaultConfigurationIsVisible = 0;
			defaultConfigurationName = Release;
		};
		6A06B0D31B1F360C00E8BACE /* Build configuration list for PBXNativeTarget "helloworld" */ = {
			isa = XCConfigurationList;
			buildConfigurations = (
				6A06B0D41B1F360C00E8BACE /* Debug */,
				6A06B0D51B1F360C00E8BACE /* Release */,
			);
			defaultConfigurationIsVisible = 0;
			defaultConfigurationName = Release;
		};
/* End XCConfigurationList section */
	};
	rootObject = 6A06B0BD1B1F360C00E8BACE /* Project object */;
}
